
Microsoft Visual Studio Solution File, Format Version 12.00
# Visual Studio Version 16
VisualStudioVersion = 16.0.30611.23
MinimumVisualStudioVersion = 10.0.40219.1
Project("{FAE04EC0-301F-11D3-BF4B-00C04F79EFBC}") = "Mouser", "Mouser\Mouser.csproj", "{50A3485A-F00D-4392-93A3-652E08D0750E}"
EndProject
Global
	GlobalSection(SolutionConfigurationPlatforms) = preSolution
		Debug|Any CPU = Debug|Any CPU
		Release|Any CPU = Release|Any CPU
	EndGlobalSection
	GlobalSection(ProjectConfigurationPlatforms) = postSolution
		{50A3485A-F00D-4392-93A3-652E08D0750E}.Debug|Any CPU.ActiveCfg = Debug|Any CPU
		{50A3485A-F00D-4392-93A3-652E08D0750E}.Debug|Any CPU.Build.0 = Debug|Any CPU
		{50A3485A-F00D-4392-93A3-652E08D0750E}.Release|Any CPU.ActiveCfg = Release|Any CPU
		{50A3485A-F00D-4392-93A3-652E08D0750E}.Release|Any CPU.Build.0 = Release|Any CPU
	EndGlobalSection
	GlobalSection(SolutionProperties) = preSolution
		HideSolutionNode = FALSE
	EndGlobalSection
	GlobalSection(ExtensibilityGlobals) = postSolution
		SolutionGuid = {F4EBECC4-9BDC-4BB4-B3D5-922B58C67344}
	EndGlobalSection
EndGlobal
